
Microsoft Visual Studio Solution File, Format Version 12.00
# Visual Studio Version 17
VisualStudioVersion = 17.2.32630.192
MinimumVisualStudioVersion = 10.0.40219.1
Project("{FAE04EC0-301F-11D3-BF4B-00C04F79EFBC}") = "web-api-crud-tutorial", "web-api-crud-tutorial\web-api-crud-tutorial.csproj", "{D29BA76D-A7E7-4B23-8964-DBDABA9FB960}"
EndProject
Global
	GlobalSection(SolutionConfigurationPlatforms) = preSolution
		Debug|Any CPU = Debug|Any CPU
		Release|Any CPU = Release|Any CPU
	EndGlobalSection
	GlobalSection(ProjectConfigurationPlatforms) = postSolution
		{D29BA76D-A7E7-4B23-8964-DBDABA9FB960}.Debug|Any CPU.ActiveCfg = Debug|Any CPU
		{D29BA76D-A7E7-4B23-8964-DBDABA9FB960}.Debug|Any CPU.Build.0 = Debug|Any CPU
		{D29BA76D-A7E7-4B23-8964-DBDABA9FB960}.Release|Any CPU.ActiveCfg = Release|Any CPU
		{D29BA76D-A7E7-4B23-8964-DBDABA9FB960}.Release|Any CPU.Build.0 = Release|Any CPU
	EndGlobalSection
	GlobalSection(SolutionProperties) = preSolution
		HideSolutionNode = FALSE
	EndGlobalSection
	GlobalSection(ExtensibilityGlobals) = postSolution
		SolutionGuid = {4A0E2490-AED3-4443-A4EB-E6581AAB20A7}
	EndGlobalSection
EndGlobal
